
Microsoft Visual Studio Solution File, Format Version 12.00
# Visual Studio Version 16
VisualStudioVersion = 16.0.30330.147
MinimumVisualStudioVersion = 10.0.40219.1
Project("{FAE04EC0-301F-11D3-BF4B-00C04F79EFBC}") = "Lab1", "Lab1\Lab1.csproj", "{DDE0B409-FF69-4AB4-A177-83B8B475F348}"
EndProject
Global
	GlobalSection(SolutionConfigurationPlatforms) = preSolution
		Debug|Any CPU = Debug|Any CPU
		Release|Any CPU = Release|Any CPU
	EndGlobalSection
	GlobalSection(ProjectConfigurationPlatforms) = postSolution
		{DDE0B409-FF69-4AB4-A177-83B8B475F348}.Debug|Any CPU.ActiveCfg = Debug|Any CPU
		{DDE0B409-FF69-4AB4-A177-83B8B475F348}.Debug|Any CPU.Build.0 = Debug|Any CPU
		{DDE0B409-FF69-4AB4-A177-83B8B475F348}.Release|Any CPU.ActiveCfg = Release|Any CPU
		{DDE0B409-FF69-4AB4-A177-83B8B475F348}.Release|Any CPU.Build.0 = Release|Any CPU
	EndGlobalSection
	GlobalSection(SolutionProperties) = preSolution
		HideSolutionNode = FALSE
	EndGlobalSection
	GlobalSection(ExtensibilityGlobals) = postSolution
		SolutionGuid = {54639A3A-23AA-4F3F-9600-1188207BCDA5}
	EndGlobalSection
EndGlobal
